// !$*UTF8*$!
{
	archiveVersion = 1;
	classes = {
	};
	objectVersion = 50;
	objects = {

/* Begin PBXBuildFile section */
		5BF051DB26B2F7BD009D0CB4 /* randomCardPlayerChallengeApp.swift in Sources */ = {isa = PBXBuildFile; fileRef = 5BF051DA26B2F7BD009D0CB4 /* randomCardPlayerChallengeApp.swift */; };
		5BF051DD26B2F7BD009D0CB4 /* ContentView.swift in Sources */ = {isa = PBXBuildFile; fileRef = 5BF051DC26B2F7BD009D0CB4 /* ContentView.swift */; };
		5BF051DF26B2F7BE009D0CB4 /* Assets.xcassets in Resources */ = {isa = PBXBuildFile; fileRef = 5BF051DE26B2F7BE009D0CB4 /* Assets.xcassets */; };
		5BF051E226B2F7BE009D0CB4 /* Preview Assets.xcassets in Resources */ = {isa = PBXBuildFile; fileRef = 5BF051E126B2F7BE009D0CB4 /* Preview Assets.xcassets */; };
/* End PBXBuildFile section */

/* Begin PBXFileReference section */
		5BF051D726B2F7BD009D0CB4 /* randomCardPlayerChallenge.app */ = {isa = PBXFileReference; explicitFileType = wrapper.application; includeInIndex = 0; path = randomCardPlayerChallenge.app; sourceTree = BUILT_PRODUCTS_DIR; };
		5BF051DA26B2F7BD009D0CB4 /* randomCardPlayerChallengeApp.swift */ = {isa = PBXFileReference; lastKnownFileType = sourcecode.swift; path = randomCardPlayerChallengeApp.swift; sourceTree = "<group>"; };
		5BF051DC26B2F7BD009D0CB4 /* ContentView.swift */ = {isa = PBXFileReference; lastKnownFileType = sourcecode.swift; path = ContentView.swift; sourceTree = "<group>"; };
		5BF051DE26B2F7BE009D0CB4 /* Assets.xcassets */ = {isa = PBXFileReference; lastKnownFileType = folder.assetcatalog; path = Assets.xcassets; sourceTree = "<group>"; };
		5BF051E126B2F7BE009D0CB4 /* Preview Assets.xcassets */ = {isa = PBXFileReference; lastKnownFileType = folder.assetcatalog; path = "Preview Assets.xcassets"; sourceTree = "<group>"; };
		5BF051E326B2F7BE009D0CB4 /* Info.plist */ = {isa = PBXFileReference; lastKnownFileType = text.plist.xml; path = Info.plist; sourceTree = "<group>"; };
/* End PBXFileReference section */

/* Begin PBXFrameworksBuildPhase section */
		5BF051D426B2F7BD009D0CB4 /* Frameworks */ = {
			isa = PBXFrameworksBuildPhase;
			buildActionMask = 2147483647;
			files = (
			);
			runOnlyForDeploymentPostprocessing = 0;
		};
/* End PBXFrameworksBuildPhase section */

/* Begin PBXGroup section */
		5BF051CE26B2F7BD009D0CB4 = {
			isa = PBXGroup;
			children = (
				5BF051D926B2F7BD009D0CB4 /* randomCardPlayerChallenge */,
				5BF051D826B2F7BD009D0CB4 /* Products */,
			);
			sourceTree = "<group>";
		};
		5BF051D826B2F7BD009D0CB4 /* Products */ = {
			isa = PBXGroup;
			children = (
				5BF051D726B2F7BD009D0CB4 /* randomCardPlayerChallenge.app */,
			);
			name = Products;
			sourceTree = "<group>";
		};
		5BF051D926B2F7BD009D0CB4 /* randomCardPlayerChallenge */ = {
			isa = PBXGroup;
			children = (
				5BF051DA26B2F7BD009D0CB4 /* randomCardPlayerChallengeApp.swift */,
				5BF051DC26B2F7BD009D0CB4 /* ContentView.swift */,
				5BF051DE26B2F7BE009D0CB4 /* Assets.xcassets */,
				5BF051E326B2F7BE009D0CB4 /* Info.plist */,
				5BF051E026B2F7BE009D0CB4 /* Preview Content */,
			);
			path = randomCardPlayerChallenge;
			sourceTree = "<group>";
		};
		5BF051E026B2F7BE009D0CB4 /* Preview Content */ = {
			isa = PBXGroup;
			children = (
				5BF051E126B2F7BE009D0CB4 /* Preview Assets.xcassets */,
			);
			path = "Preview Content";
			sourceTree = "<group>";
		};
/* End PBXGroup section */

/* Begin PBXNativeTarget section */
		5BF051D626B2F7BD009D0CB4 /* randomCardPlayerChallenge */ = {
			isa = PBXNativeTarget;
			buildConfigurationList = 5BF051E626B2F7BE009D0CB4 /* Build configuration list for PBXNativeTarget "randomCardPlayerChallenge" */;
			buildPhases = (
				5BF051D326B2F7BD009D0CB4 /* Sources */,
				5BF051D426B2F7BD009D0CB4 /* Frameworks */,
				5BF051D526B2F7BD009D0CB4 /* Resources */,
			);
			buildRules = (
			);
			dependencies = (
			);
			name = randomCardPlayerChallenge;
			productName = randomCardPlayerChallenge;
			productReference = 5BF051D726B2F7BD009D0CB4 /* randomCardPlayerChallenge.app */;
			productType = "com.apple.product-type.application";
		};
/* End PBXNativeTarget section */

/* Begin PBXProject section */
		5BF051CF26B2F7BD009D0CB4 /* Project object */ = {
			isa = PBXProject;
			attributes = {
				LastSwiftUpdateCheck = 1200;
				LastUpgradeCheck = 1200;
				TargetAttributes = {
					5BF051D626B2F7BD009D0CB4 = {
						CreatedOnToolsVersion = 12.0.1;
					};
				};
			};
			buildConfigurationList = 5BF051D226B2F7BD009D0CB4 /* Build configuration list for PBXProject "randomCardPlayerChallenge" */;
			compatibilityVersion = "Xcode 9.3";
			developmentRegion = en;
			hasScannedForEncodings = 0;
			knownRegions = (
				en,
				Base,
			);
			mainGroup = 5BF051CE26B2F7BD009D0CB4;
			productRefGroup = 5BF051D826B2F7BD009D0CB4 /* Products */;
			projectDirPath = "";
			projectRoot = "";
			targets = (
				5BF051D626B2F7BD009D0CB4 /* randomCardPlayerChallenge */,
			);
		};
/* End PBXProject section */

/* Begin PBXResourcesBuildPhase section */
		5BF051D526B2F7BD009D0CB4 /* Resources */ = {
			isa = PBXResourcesBuildPhase;
			buildActionMask = 2147483647;
			files = (
				5BF051E226B2F7BE009D0CB4 /* Preview Assets.xcassets in Resources */,
				5BF051DF26B2F7BE009D0CB4 /* Assets.xcassets in Resources */,
			);
			runOnlyForDeploymentPostprocessing = 0;
		};
/* End PBXResourcesBuildPhase section */

/* Begin PBXSourcesBuildPhase section */
		5BF051D326B2F7BD009D0CB4 /* Sources */ = {
			isa = PBXSourcesBuildPhase;
			buildActionMask = 2147483647;
			files = (
				5BF051DD26B2F7BD009D0CB4 /* ContentView.swift in Sources */,
				5BF051DB26B2F7BD009D0CB4 /* randomCardPlayerChallengeApp.swift in Sources */,
			);
			runOnlyForDeploymentPostprocessing = 0;
		};
/* End PBXSourcesBuildPhase section */

/* Begin XCBuildConfiguration section */
		5BF051E426B2F7BE009D0CB4 /* Debug */ = {
			isa = XCBuildConfiguration;
			buildSettings = {
				ALWAYS_SEARCH_USER_PATHS = NO;
				CLANG_ANALYZER_NONNULL = YES;
				CLANG_ANALYZER_NUMBER_OBJECT_CONVERSION = YES_AGGRESSIVE;
				CLANG_CXX_LANGUAGE_STANDARD = "gnu++14";
				CLANG_CXX_LIBRARY = "libc++";
				CLANG_ENABLE_MODULES = YES;
				CLANG_ENABLE_OBJC_ARC = YES;
				CLANG_ENABLE_OBJC_WEAK = YES;
				CLANG_WARN_BLOCK_CAPTURE_AUTORELEASING = YES;
				CLANG_WARN_BOOL_CONVERSION = YES;
				CLANG_WARN_COMMA = YES;
				CLANG_WARN_CONSTANT_CONVERSION = YES;
				CLANG_WARN_DEPRECATED_OBJC_IMPLEMENTATIONS = YES;
				CLANG_WARN_DIRECT_OBJC_ISA_USAGE = YES_ERROR;
				CLANG_WARN_DOCUMENTATION_COMMENTS = YES;
				CLANG_WARN_EMPTY_BODY = YES;
				CLANG_WARN_ENUM_CONVERSION = YES;
				CLANG_WARN_INFINITE_RECURSION = YES;
				CLANG_WARN_INT_CONVERSION = YES;
				CLANG_WARN_NON_LITERAL_NULL_CONVERSION = YES;
				CLANG_WARN_OBJC_IMPLICIT_RETAIN_SELF = YES;
				CLANG_WARN_OBJC_LITERAL_CONVERSION = YES;
				CLANG_WARN_OBJC_ROOT_CLASS = YES_ERROR;
				CLANG_WARN_QUOTED_INCLUDE_IN_FRAMEWORK_HEADER = YES;
				CLANG_WARN_RANGE_LOOP_ANALYSIS = YES;
				CLANG_WARN_STRICT_PROTOTYPES = YES;
				CLANG_WARN_SUSPICIOUS_MOVE = YES;
				CLANG_WARN_UNGUARDED_AVAILABILITY = YES_AGGRESSIVE;
				CLANG_WARN_UNREACHABLE_CODE = YES;
				CLANG_WARN__DUPLICATE_METHOD_MATCH = YES;
				COPY_PHASE_STRIP = NO;
				DEBUG_INFORMATION_FORMAT = dwarf;
				ENABLE_STRICT_OBJC_MSGSEND = YES;
				ENABLE_TESTABILITY = YES;
				GCC_C_LANGUAGE_STANDARD = gnu11;
				GCC_DYNAMIC_NO_PIC = NO;
				GCC_NO_COMMON_BLOCKS = YES;
				GCC_OPTIMIZATION_LEVEL = 0;
				GCC_PREPROCESSOR_DEFINITIONS = (
					"DEBUG=1",
					"$(inherited)",
				);
				GCC_WARN_64_TO_32_BIT_CONVERSION = YES;
				GCC_WARN_ABOUT_RETURN_TYPE = YES_ERROR;
				GCC_WARN_UNDECLARED_SELECTOR = YES;
				GCC_WARN_UNINITIALIZED_AUTOS = YES_AGGRESSIVE;
				GCC_WARN_UNUSED_FUNCTION = YES;
				GCC_WARN_UNUSED_VARIABLE = YES;
				IPHONEOS_DEPLOYMENT_TARGET = 14.0;
				MTL_ENABLE_DEBUG_INFO = INCLUDE_SOURCE;
				MTL_FAST_MATH = YES;
				ONLY_ACTIVE_ARCH = YES;
				SDKROOT = iphoneos;
				SWIFT_ACTIVE_COMPILATION_CONDITIONS = DEBUG;
				SWIFT_OPTIMIZATION_LEVEL = "-Onone";
			};
			name = Debug;
		};
		5BF051E526B2F7BE009D0CB4 /* Release */ = {
			isa = XCBuildConfiguration;
			buildSettings = {
				ALWAYS_SEARCH_USER_PATHS = NO;
				CLANG_ANALYZER_NONNULL = YES;
				CLANG_ANALYZER_NUMBER_OBJECT_CONVERSION = YES_AGGRESSIVE;
				CLANG_CXX_LANGUAGE_STANDARD = "gnu++14";
				CLANG_CXX_LIBRARY = "libc++";
				CLANG_ENABLE_MODULES = YES;
				CLANG_ENABLE_OBJC_ARC = YES;
				CLANG_ENABLE_OBJC_WEAK = YES;
				CLANG_WARN_BLOCK_CAPTURE_AUTORELEASING = YES;
				CLANG_WARN_BOOL_CONVERSION = YES;
				CLANG_WARN_COMMA = YES;
				CLANG_WARN_CONSTANT_CONVERSION = YES;
				CLANG_WARN_DEPRECATED_OBJC_IMPLEMENTATIONS = YES;
				CLANG_WARN_DIRECT_OBJC_ISA_USAGE = YES_ERROR;
				CLANG_WARN_DOCUMENTATION_COMMENTS = YES;
				CLANG_WARN_EMPTY_BODY = YES;
				CLANG_WARN_ENUM_CONVERSION = YES;
				CLANG_WARN_INFINITE_RECURSION = YES;
				CLANG_WARN_INT_CONVERSION = YES;
				CLANG_WARN_NON_LITERAL_NULL_CONVERSION = YES;
				CLANG_WARN_OBJC_IMPLICIT_RETAIN_SELF = YES;
				CLANG_WARN_OBJC_LITERAL_CONVERSION = YES;
				CLANG_WARN_OBJC_ROOT_CLASS = YES_ERROR;
				CLANG_WARN_QUOTED_INCLUDE_IN_FRAMEWORK_HEADER = YES;
				CLANG_WARN_RANGE_LOOP_ANALYSIS = YES;
				CLANG_WARN_STRICT_PROTOTYPES = YES;
				CLANG_WARN_SUSPICIOUS_MOVE = YES;
				CLANG_WARN_UNGUARDED_AVAILABILITY = YES_AGGRESSIVE;
				CLANG_WARN_UNREACHABLE_CODE = YES;
				CLANG_WARN__DUPLICATE_METHOD_MATCH = YES;
				COPY_PHASE_STRIP = NO;
				DEBUG_INFORMATION_FORMAT = "dwarf-with-dsym";
				ENABLE_NS_ASSERTIONS = NO;
				ENABLE_STRICT_OBJC_MSGSEND = YES;
				GCC_C_LANGUAGE_STANDARD = gnu11;
				GCC_NO_COMMON_BLOCKS = YES;
				GCC_WARN_64_TO_32_BIT_CONVERSION = YES;
				GCC_WARN_ABOUT_RETURN_TYPE = YES_ERROR;
				GCC_WARN_UNDECLARED_SELECTOR = YES;
				GCC_WARN_UNINITIALIZED_AUTOS = YES_AGGRESSIVE;
				GCC_WARN_UNUSED_FUNCTION = YES;
				GCC_WARN_UNUSED_VARIABLE = YES;
				IPHONEOS_DEPLOYMENT_TARGET = 14.0;
				MTL_ENABLE_DEBUG_INFO = NO;
				MTL_FAST_MATH = YES;
				SDKROOT = iphoneos;
				SWIFT_COMPILATION_MODE = wholemodule;
				SWIFT_OPTIMIZATION_LEVEL = "-O";
				VALIDATE_PRODUCT = YES;
			};
			name = Release;
		};
		5BF051E726B2F7BE009D0CB4 /* Debug */ = {
			isa = XCBuildConfiguration;
			buildSettings = {
				ASSETCATALOG_COMPILER_APPICON_NAME = AppIcon;
				ASSETCATALOG_COMPILER_GLOBAL_ACCENT_COLOR_NAME = AccentColor;
				CODE_SIGN_STYLE = Automatic;
				DEVELOPMENT_ASSET_PATHS = "\"randomCardPlayerChallenge/Preview Content\"";
				DEVELOPMENT_TEAM = 226AK536X2;
				ENABLE_PREVIEWS = YES;
				INFOPLIST_FILE = randomCardPlayerChallenge/Info.plist;
				IPHONEOS_DEPLOYMENT_TARGET = 14.0;
				LD_RUNPATH_SEARCH_PATHS = (
					"$(inherited)",
					"@executable_path/Frameworks",
				);
				PRODUCT_BUNDLE_IDENTIFIER = com.estrada.randomCardPlayerChallenge;
				PRODUCT_NAME = "$(TARGET_NAME)";
				SWIFT_VERSION = 5.0;
				TARGETED_DEVICE_FAMILY = "1,2";
			};
			name = Debug;
		};
		5BF051E826B2F7BE009D0CB4 /* Release */ = {
			isa = XCBuildConfiguration;
			buildSettings = {
				ASSETCATALOG_COMPILER_APPICON_NAME = AppIcon;
				ASSETCATALOG_COMPILER_GLOBAL_ACCENT_COLOR_NAME = AccentColor;
				CODE_SIGN_STYLE = Automatic;
				DEVELOPMENT_ASSET_PATHS = "\"randomCardPlayerChallenge/Preview Content\"";
				DEVELOPMENT_TEAM = 226AK536X2;
				ENABLE_PREVIEWS = YES;
				INFOPLIST_FILE = randomCardPlayerChallenge/Info.plist;
				IPHONEOS_DEPLOYMENT_TARGET = 14.0;
				LD_RUNPATH_SEARCH_PATHS = (
					"$(inherited)",
					"@executable_path/Frameworks",
				);
				PRODUCT_BUNDLE_IDENTIFIER = com.estrada.randomCardPlayerChallenge;
				PRODUCT_NAME = "$(TARGET_NAME)";
				SWIFT_VERSION = 5.0;
				TARGETED_DEVICE_FAMILY = "1,2";
			};
			name = Release;
		};
/* End XCBuildConfiguration section */

/* Begin XCConfigurationList section */
		5BF051D226B2F7BD009D0CB4 /* Build configuration list for PBXProject "randomCardPlayerChallenge" */ = {
			isa = XCConfigurationList;
			buildConfigurations = (
				5BF051E426B2F7BE009D0CB4 /* Debug */,
				5BF051E526B2F7BE009D0CB4 /* Release */,
			);
			defaultConfigurationIsVisible = 0;
			defaultConfigurationName = Release;
		};
		5BF051E626B2F7BE009D0CB4 /* Build configuration list for PBXNativeTarget "randomCardPlayerChallenge" */ = {
			isa = XCConfigurationList;
			buildConfigurations = (
				5BF051E726B2F7BE009D0CB4 /* Debug */,
				5BF051E826B2F7BE009D0CB4 /* Release */,
			);
			defaultConfigurationIsVisible = 0;
			defaultConfigurationName = Release;
		};
/* End XCConfigurationList section */
	};
	rootObject = 5BF051CF26B2F7BD009D0CB4 /* Project object */;
}
